PODS:
  - DACircularProgress (2.3.1)
  - Expecta (1.0.6)
  - "Expecta+Snapshots (3.1.1)":
    - Expecta (~> 1.0)
    - FBSnapshotTestCase/Core (~> 2.0)
    - Specta (~> 1.0)
  - FBSnapshotTestCase/Core (2.1.4)
  - MBProgressHUD (1.2.0)
  - SDWebImage (5.20.0):
    - SDWebImage/Core (= 5.20.0)
  - SDWebImage/Core (5.20.0)
  - Specta (1.0.7)
  - Tonylyliu_MWPhotoBrowser (2.1.8):
    - DACircularProgress (>= 2.3.1, ~> 2.3)
    - MBProgressHUD (~> 1.2)
    - SDWebImage (~> 5.18)

DEPENDENCIES:
  - Expecta
  - "Expecta+Snapshots"
  - FBSnapshotTestCase/Core (~> 2.1.4)
  - Specta
  - Tonylyliu_MWPhotoBrowser (from `../`)

SPEC REPOS:
  https://github.com/CocoaPods/Specs.git:
    - DACircularProgress
    - Expecta
    - "Expecta+Snapshots"
    - FBSnapshotTestCase
    - MBProgressHUD
    - SDWebImage
    - Specta

EXTERNAL SOURCES:
  Tonylyliu_MWPhotoBrowser:
    :path: "../"

SPEC CHECKSUMS:
  DACircularProgress: 4dd437c0fc3da5161cb289e07ac449493d41db71
  Expecta: 3b6bd90a64b9a1dcb0b70aa0e10a7f8f631667d5
  "Expecta+Snapshots": dcff217eef506dabd6dfdc7864ea2da321fafbb8
  FBSnapshotTestCase: 094f9f314decbabe373b87cc339bea235a63e07a
  MBProgressHUD: 3ee5efcc380f6a79a7cc9b363dd669c5e1ae7406
  SDWebImage: 73c6079366fea25fa4bb9640d5fb58f0893facd8
  Specta: 3e1bd89c3517421982dc4d1c992503e48bd5fe66
  Tonylyliu_MWPhotoBrowser: 5cfb2d290280c9645b7918ac6fc70f87197a89cf

PODFILE CHECKSUM: 59f2b685ebd7a752722da94bd03dbe86fb28fe7e

COCOAPODS: 1.16.2
